
Microsoft Visual Studio Solution File, Format Version 12.00
# Visual Studio 14
VisualStudioVersion = 14.0.23107.0
MinimumVisualStudioVersion = 10.0.40219.1
Project("{00D1A9C2-B5F0-4AF3-8072-F6C62B433612}") = "saifi-dw-database-scripts", "saifi-dw-database-scripts\saifi-dw-database-scripts.sqlproj", "{71690ED0-FEFE-4316-BD30-143AF5FFAF01}"
EndProject
Global
	GlobalSection(SolutionConfigurationPlatforms) = preSolution
		Debug|Any CPU = Debug|Any CPU
		Release|Any CPU = Release|Any CPU
	EndGlobalSection
	GlobalSection(ProjectConfigurationPlatforms) = postSolution
		{71690ED0-FEFE-4316-BD30-143AF5FFAF01}.Debug|Any CPU.ActiveCfg = Debug|Any CPU
		{71690ED0-FEFE-4316-BD30-143AF5FFAF01}.Debug|Any CPU.Build.0 = Debug|Any CPU
		{71690ED0-FEFE-4316-BD30-143AF5FFAF01}.Debug|Any CPU.Deploy.0 = Debug|Any CPU
		{71690ED0-FEFE-4316-BD30-143AF5FFAF01}.Release|Any CPU.ActiveCfg = Release|Any CPU
		{71690ED0-FEFE-4316-BD30-143AF5FFAF01}.Release|Any CPU.Build.0 = Release|Any CPU
		{71690ED0-FEFE-4316-BD30-143AF5FFAF01}.Release|Any CPU.Deploy.0 = Release|Any CPU
	EndGlobalSection
	GlobalSection(SolutionProperties) = preSolution
		HideSolutionNode = FALSE
	EndGlobalSection
EndGlobal
